// !$*UTF8*$!
{
	archiveVersion = 1;
	classes = {
	};
	objectVersion = 56;
	objects = {

/* Begin PBXBuildFile section */
		BE06AB4C2C83724A00B40463 /* AppDelegate.swift in Sources */ = {isa = PBXBuildFile; fileRef = BE06AB4B2C83724A00B40463 /* AppDelegate.swift */; };
		BE06AB4E2C83724A00B40463 /* SceneDelegate.swift in Sources */ = {isa = PBXBuildFile; fileRef = BE06AB4D2C83724A00B40463 /* SceneDelegate.swift */; };
		BE06AB502C83724A00B40463 /* ViewController.swift in Sources */ = {isa = PBXBuildFile; fileRef = BE06AB4F2C83724A00B40463 /* ViewController.swift */; };
		BE06AB532C83724A00B40463 /* Base in Resources */ = {isa = PBXBuildFile; fileRef = BE06AB522C83724A00B40463 /* Base */; };
		BE06AB552C83724D00B40463 /* Assets.xcassets in Resources */ = {isa = PBXBuildFile; fileRef = BE06AB542C83724D00B40463 /* Assets.xcassets */; };
		BE06AB582C83724D00B40463 /* Base in Resources */ = {isa = PBXBuildFile; fileRef = BE06AB572C83724D00B40463 /* Base */; };
		BE2FC75B2C837474006290F2 /* Location.swift in Sources */ = {isa = PBXBuildFile; fileRef = BE2FC75A2C837474006290F2 /* Location.swift */; };
/* End PBXBuildFile section */

/* Begin PBXFileReference section */
		BE06AB482C83724A00B40463 /* DataLocator.app */ = {isa = PBXFileReference; explicitFileType = wrapper.application; includeInIndex = 0; path = DataLocator.app; sourceTree = BUILT_PRODUCTS_DIR; };
		BE06AB4B2C83724A00B40463 /* AppDelegate.swift */ = {isa = PBXFileReference; lastKnownFileType = sourcecode.swift; path = AppDelegate.swift; sourceTree = "<group>"; };
		BE06AB4D2C83724A00B40463 /* SceneDelegate.swift */ = {isa = PBXFileReference; lastKnownFileType = sourcecode.swift; path = SceneDelegate.swift; sourceTree = "<group>"; };
		BE06AB4F2C83724A00B40463 /* ViewController.swift */ = {isa = PBXFileReference; lastKnownFileType = sourcecode.swift; path = ViewController.swift; sourceTree = "<group>"; };
		BE06AB522C83724A00B40463 /* Base */ = {isa = PBXFileReference; lastKnownFileType = file.storyboard; name = Base; path = Base.lproj/Main.storyboard; sourceTree = "<group>"; };
		BE06AB542C83724D00B40463 /* Assets.xcassets */ = {isa = PBXFileReference; lastKnownFileType = folder.assetcatalog; path = Assets.xcassets; sourceTree = "<group>"; };
		BE06AB572C83724D00B40463 /* Base */ = {isa = PBXFileReference; lastKnownFileType = file.storyboard; name = Base; path = Base.lproj/LaunchScreen.storyboard; sourceTree = "<group>"; };
		BE06AB592C83724D00B40463 /* Info.plist */ = {isa = PBXFileReference; lastKnownFileType = text.plist.xml; path = Info.plist; sourceTree = "<group>"; };
		BE2FC75A2C837474006290F2 /* Location.swift */ = {isa = PBXFileReference; lastKnownFileType = sourcecode.swift; path = Location.swift; sourceTree = "<group>"; };
/* End PBXFileReference section */

/* Begin PBXFrameworksBuildPhase section */
		BE06AB452C83724A00B40463 /* Frameworks */ = {
			isa = PBXFrameworksBuildPhase;
			buildActionMask = 2147483647;
			files = (
			);
			runOnlyForDeploymentPostprocessing = 0;
		};
/* End PBXFrameworksBuildPhase section */

/* Begin PBXGroup section */
		BE06AB3F2C83724A00B40463 = {
			isa = PBXGroup;
			children = (
				BE06AB4A2C83724A00B40463 /* DataLocator */,
				BE06AB492C83724A00B40463 /* Products */,
			);
			sourceTree = "<group>";
		};
		BE06AB492C83724A00B40463 /* Products */ = {
			isa = PBXGroup;
			children = (
				BE06AB482C83724A00B40463 /* DataLocator.app */,
			);
			name = Products;
			sourceTree = "<group>";
		};
		BE06AB4A2C83724A00B40463 /* DataLocator */ = {
			isa = PBXGroup;
			children = (
				BE06AB602C83738300B40463 /* ViewControllers */,
				BE06AB612C83738F00B40463 /* StoryBoards */,
				BE2FC7592C83745B006290F2 /* Models */,
				BE06AB5F2C83737900B40463 /* App */,
				BE06AB622C83739900B40463 /* Resources */,
			);
			path = DataLocator;
			sourceTree = "<group>";
		};
		BE06AB5F2C83737900B40463 /* App */ = {
			isa = PBXGroup;
			children = (
				BE06AB4B2C83724A00B40463 /* AppDelegate.swift */,
				BE06AB4D2C83724A00B40463 /* SceneDelegate.swift */,
				BE06AB592C83724D00B40463 /* Info.plist */,
			);
			path = App;
			sourceTree = "<group>";
		};
		BE06AB602C83738300B40463 /* ViewControllers */ = {
			isa = PBXGroup;
			children = (
				BE06AB4F2C83724A00B40463 /* ViewController.swift */,
			);
			path = ViewControllers;
			sourceTree = "<group>";
		};
		BE06AB612C83738F00B40463 /* StoryBoards */ = {
			isa = PBXGroup;
			children = (
				BE06AB512C83724A00B40463 /* Main.storyboard */,
				BE06AB562C83724D00B40463 /* LaunchScreen.storyboard */,
			);
			path = StoryBoards;
			sourceTree = "<group>";
		};
		BE06AB622C83739900B40463 /* Resources */ = {
			isa = PBXGroup;
			children = (
				BE06AB542C83724D00B40463 /* Assets.xcassets */,
			);
			path = Resources;
			sourceTree = "<group>";
		};
		BE2FC7592C83745B006290F2 /* Models */ = {
			isa = PBXGroup;
			children = (
				BE2FC75A2C837474006290F2 /* Location.swift */,
			);
			path = Models;
			sourceTree = "<group>";
		};
/* End PBXGroup section */

/* Begin PBXNativeTarget section */
		BE06AB472C83724A00B40463 /* DataLocator */ = {
			isa = PBXNativeTarget;
			buildConfigurationList = BE06AB5C2C83724D00B40463 /* Build configuration list for PBXNativeTarget "DataLocator" */;
			buildPhases = (
				BE06AB442C83724A00B40463 /* Sources */,
				BE06AB452C83724A00B40463 /* Frameworks */,
				BE06AB462C83724A00B40463 /* Resources */,
			);
			buildRules = (
			);
			dependencies = (
			);
			name = DataLocator;
			productName = DataLocator;
			productReference = BE06AB482C83724A00B40463 /* DataLocator.app */;
			productType = "com.apple.product-type.application";
		};
/* End PBXNativeTarget section */

/* Begin PBXProject section */
		BE06AB402C83724A00B40463 /* Project object */ = {
			isa = PBXProject;
			attributes = {
				BuildIndependentTargetsInParallel = 1;
				LastSwiftUpdateCheck = 1540;
				LastUpgradeCheck = 1540;
				TargetAttributes = {
					BE06AB472C83724A00B40463 = {
						CreatedOnToolsVersion = 15.4;
					};
				};
			};
			buildConfigurationList = BE06AB432C83724A00B40463 /* Build configuration list for PBXProject "DataLocator" */;
			compatibilityVersion = "Xcode 14.0";
			developmentRegion = en;
			hasScannedForEncodings = 0;
			knownRegions = (
				en,
				Base,
			);
			mainGroup = BE06AB3F2C83724A00B40463;
			productRefGroup = BE06AB492C83724A00B40463 /* Products */;
			projectDirPath = "";
			projectRoot = "";
			targets = (
				BE06AB472C83724A00B40463 /* DataLocator */,
			);
		};
/* End PBXProject section */

/* Begin PBXResourcesBuildPhase section */
		BE06AB462C83724A00B40463 /* Resources */ = {
			isa = PBXResourcesBuildPhase;
			buildActionMask = 2147483647;
			files = (
				BE06AB552C83724D00B40463 /* Assets.xcassets in Resources */,
				BE06AB582C83724D00B40463 /* Base in Resources */,
				BE06AB532C83724A00B40463 /* Base in Resources */,
			);
			runOnlyForDeploymentPostprocessing = 0;
		};
/* End PBXResourcesBuildPhase section */

/* Begin PBXSourcesBuildPhase section */
		BE06AB442C83724A00B40463 /* Sources */ = {
			isa = PBXSourcesBuildPhase;
			buildActionMask = 2147483647;
			files = (
				BE06AB502C83724A00B40463 /* ViewController.swift in Sources */,
				BE06AB4C2C83724A00B40463 /* AppDelegate.swift in Sources */,
				BE2FC75B2C837474006290F2 /* Location.swift in Sources */,
				BE06AB4E2C83724A00B40463 /* SceneDelegate.swift in Sources */,
			);
			runOnlyForDeploymentPostprocessing = 0;
		};
/* End PBXSourcesBuildPhase section */

/* Begin PBXVariantGroup section */
		BE06AB512C83724A00B40463 /* Main.storyboard */ = {
			isa = PBXVariantGroup;
			children = (
				BE06AB522C83724A00B40463 /* Base */,
			);
			name = Main.storyboard;
			sourceTree = "<group>";
		};
		BE06AB562C83724D00B40463 /* LaunchScreen.storyboard */ = {
			isa = PBXVariantGroup;
			children = (
				BE06AB572C83724D00B40463 /* Base */,
			);
			name = LaunchScreen.storyboard;
			sourceTree = "<group>";
		};
/* End PBXVariantGroup section */

/* Begin XCBuildConfiguration section */
		BE06AB5A2C83724D00B40463 /* Debug */ = {
			isa = XCBuildConfiguration;
			buildSettings = {
				ALWAYS_SEARCH_USER_PATHS = NO;
				ASSETCATALOG_COMPILER_GENERATE_SWIFT_ASSET_SYMBOL_EXTENSIONS = YES;
				CLANG_ANALYZER_NONNULL = YES;
				CLANG_ANALYZER_NUMBER_OBJECT_CONVERSION = YES_AGGRESSIVE;
				CLANG_CXX_LANGUAGE_STANDARD = "gnu++20";
				CLANG_ENABLE_MODULES = YES;
				CLANG_ENABLE_OBJC_ARC = YES;
				CLANG_ENABLE_OBJC_WEAK = YES;
				CLANG_WARN_BLOCK_CAPTURE_AUTORELEASING = YES;
				CLANG_WARN_BOOL_CONVERSION = YES;
				CLANG_WARN_COMMA = YES;
				CLANG_WARN_CONSTANT_CONVERSION = YES;
				CLANG_WARN_DEPRECATED_OBJC_IMPLEMENTATIONS = YES;
				CLANG_WARN_DIRECT_OBJC_ISA_USAGE = YES_ERROR;
				CLANG_WARN_DOCUMENTATION_COMMENTS = YES;
				CLANG_WARN_EMPTY_BODY = YES;
				CLANG_WARN_ENUM_CONVERSION = YES;
				CLANG_WARN_INFINITE_RECURSION = YES;
				CLANG_WARN_INT_CONVERSION = YES;
				CLANG_WARN_NON_LITERAL_NULL_CONVERSION = YES;
				CLANG_WARN_OBJC_IMPLICIT_RETAIN_SELF = YES;
				CLANG_WARN_OBJC_LITERAL_CONVERSION = YES;
				CLANG_WARN_OBJC_ROOT_CLASS = YES_ERROR;
				CLANG_WARN_QUOTED_INCLUDE_IN_FRAMEWORK_HEADER = YES;
				CLANG_WARN_RANGE_LOOP_ANALYSIS = YES;
				CLANG_WARN_STRICT_PROTOTYPES = YES;
				CLANG_WARN_SUSPICIOUS_MOVE = YES;
				CLANG_WARN_UNGUARDED_AVAILABILITY = YES_AGGRESSIVE;
				CLANG_WARN_UNREACHABLE_CODE = YES;
				CLANG_WARN__DUPLICATE_METHOD_MATCH = YES;
				COPY_PHASE_STRIP = NO;
				DEBUG_INFORMATION_FORMAT = dwarf;
				ENABLE_STRICT_OBJC_MSGSEND = YES;
				ENABLE_TESTABILITY = YES;
				ENABLE_USER_SCRIPT_SANDBOXING = YES;
				GCC_C_LANGUAGE_STANDARD = gnu17;
				GCC_DYNAMIC_NO_PIC = NO;
				GCC_NO_COMMON_BLOCKS = YES;
				GCC_OPTIMIZATION_LEVEL = 0;
				GCC_PREPROCESSOR_DEFINITIONS = (
					"DEBUG=1",
					"$(inherited)",
				);
				GCC_WARN_64_TO_32_BIT_CONVERSION = YES;
				GCC_WARN_ABOUT_RETURN_TYPE = YES_ERROR;
				GCC_WARN_UNDECLARED_SELECTOR = YES;
				GCC_WARN_UNINITIALIZED_AUTOS = YES_AGGRESSIVE;
				GCC_WARN_UNUSED_FUNCTION = YES;
				GCC_WARN_UNUSED_VARIABLE = YES;
				IPHONEOS_DEPLOYMENT_TARGET = 17.5;
				LOCALIZATION_PREFERS_STRING_CATALOGS = YES;
				MTL_ENABLE_DEBUG_INFO = INCLUDE_SOURCE;
				MTL_FAST_MATH = YES;
				ONLY_ACTIVE_ARCH = YES;
				SDKROOT = iphoneos;
				SWIFT_ACTIVE_COMPILATION_CONDITIONS = "DEBUG $(inherited)";
				SWIFT_OPTIMIZATION_LEVEL = "-Onone";
			};
			name = Debug;
		};
		BE06AB5B2C83724D00B40463 /* Release */ = {
			isa = XCBuildConfiguration;
			buildSettings = {
				ALWAYS_SEARCH_USER_PATHS = NO;
				ASSETCATALOG_COMPILER_GENERATE_SWIFT_ASSET_SYMBOL_EXTENSIONS = YES;
				CLANG_ANALYZER_NONNULL = YES;
				CLANG_ANALYZER_NUMBER_OBJECT_CONVERSION = YES_AGGRESSIVE;
				CLANG_CXX_LANGUAGE_STANDARD = "gnu++20";
				CLANG_ENABLE_MODULES = YES;
				CLANG_ENABLE_OBJC_ARC = YES;
				CLANG_ENABLE_OBJC_WEAK = YES;
				CLANG_WARN_BLOCK_CAPTURE_AUTORELEASING = YES;
				CLANG_WARN_BOOL_CONVERSION = YES;
				CLANG_WARN_COMMA = YES;
				CLANG_WARN_CONSTANT_CONVERSION = YES;
				CLANG_WARN_DEPRECATED_OBJC_IMPLEMENTATIONS = YES;
				CLANG_WARN_DIRECT_OBJC_ISA_USAGE = YES_ERROR;
				CLANG_WARN_DOCUMENTATION_COMMENTS = YES;
				CLANG_WARN_EMPTY_BODY = YES;
				CLANG_WARN_ENUM_CONVERSION = YES;
				CLANG_WARN_INFINITE_RECURSION = YES;
				CLANG_WARN_INT_CONVERSION = YES;
				CLANG_WARN_NON_LITERAL_NULL_CONVERSION = YES;
				CLANG_WARN_OBJC_IMPLICIT_RETAIN_SELF = YES;
				CLANG_WARN_OBJC_LITERAL_CONVERSION = YES;
				CLANG_WARN_OBJC_ROOT_CLASS = YES_ERROR;
				CLANG_WARN_QUOTED_INCLUDE_IN_FRAMEWORK_HEADER = YES;
				CLANG_WARN_RANGE_LOOP_ANALYSIS = YES;
				CLANG_WARN_STRICT_PROTOTYPES = YES;
				CLANG_WARN_SUSPICIOUS_MOVE = YES;
				CLANG_WARN_UNGUARDED_AVAILABILITY = YES_AGGRESSIVE;
				CLANG_WARN_UNREACHABLE_CODE = YES;
				CLANG_WARN__DUPLICATE_METHOD_MATCH = YES;
				COPY_PHASE_STRIP = NO;
				DEBUG_INFORMATION_FORMAT = "dwarf-with-dsym";
				ENABLE_NS_ASSERTIONS = NO;
				ENABLE_STRICT_OBJC_MSGSEND = YES;
				ENABLE_USER_SCRIPT_SANDBOXING = YES;
				GCC_C_LANGUAGE_STANDARD = gnu17;
				GCC_NO_COMMON_BLOCKS = YES;
				GCC_WARN_64_TO_32_BIT_CONVERSION = YES;
				GCC_WARN_ABOUT_RETURN_TYPE = YES_ERROR;
				GCC_WARN_UNDECLARED_SELECTOR = YES;
				GCC_WARN_UNINITIALIZED_AUTOS = YES_AGGRESSIVE;
				GCC_WARN_UNUSED_FUNCTION = YES;
				GCC_WARN_UNUSED_VARIABLE = YES;
				IPHONEOS_DEPLOYMENT_TARGET = 17.5;
				LOCALIZATION_PREFERS_STRING_CATALOGS = YES;
				MTL_ENABLE_DEBUG_INFO = NO;
				MTL_FAST_MATH = YES;
				SDKROOT = iphoneos;
				SWIFT_COMPILATION_MODE = wholemodule;
				VALIDATE_PRODUCT = YES;
			};
			name = Release;
		};
		BE06AB5D2C83724D00B40463 /* Debug */ = {
			isa = XCBuildConfiguration;
			buildSettings = {
				ASSETCATALOG_COMPILER_APPICON_NAME = AppIcon;
				ASSETCATALOG_COMPILER_GLOBAL_ACCENT_COLOR_NAME = AccentColor;
				CODE_SIGN_STYLE = Automatic;
				CURRENT_PROJECT_VERSION = 1;
				DEVELOPMENT_TEAM = 64F28UD7AZ;
				GENERATE_INFOPLIST_FILE = YES;
				INFOPLIST_FILE = DataLocator/App/Info.plist;
				INFOPLIST_KEY_UIApplicationSupportsIndirectInputEvents = YES;
				INFOPLIST_KEY_UILaunchStoryboardName = LaunchScreen;
				INFOPLIST_KEY_UIMainStoryboardFile = Main;
				INFOPLIST_KEY_UISupportedInterfaceOrientations = UIInterfaceOrientationPortrait;
				INFOPLIST_KEY_UISupportedInterfaceOrientations_iPad = "UIInterfaceOrientationLandscapeLeft UIInterfaceOrientationLandscapeRight UIInterfaceOrientationPortrait UIInterfaceOrientationPortraitUpsideDown";
				IPHONEOS_DEPLOYMENT_TARGET = 17.0;
				LD_RUNPATH_SEARCH_PATHS = (
					"$(inherited)",
					"@executable_path/Frameworks",
				);
				MARKETING_VERSION = 1.0;
				PRODUCT_BUNDLE_IDENTIFIER = ru.myapps.DataLocator;
				PRODUCT_NAME = "$(TARGET_NAME)";
				SUPPORTED_PLATFORMS = "iphoneos iphonesimulator";
				SUPPORTS_MACCATALYST = NO;
				SUPPORTS_MAC_DESIGNED_FOR_IPHONE_IPAD = NO;
				SUPPORTS_XR_DESIGNED_FOR_IPHONE_IPAD = NO;
				SWIFT_EMIT_LOC_STRINGS = YES;
				SWIFT_VERSION = 5.0;
				TARGETED_DEVICE_FAMILY = 1;
			};
			name = Debug;
		};
		BE06AB5E2C83724D00B40463 /* Release */ = {
			isa = XCBuildConfiguration;
			buildSettings = {
				ASSETCATALOG_COMPILER_APPICON_NAME = AppIcon;
				ASSETCATALOG_COMPILER_GLOBAL_ACCENT_COLOR_NAME = AccentColor;
				CODE_SIGN_STYLE = Automatic;
				CURRENT_PROJECT_VERSION = 1;
				DEVELOPMENT_TEAM = 64F28UD7AZ;
				GENERATE_INFOPLIST_FILE = YES;
				INFOPLIST_FILE = DataLocator/App/Info.plist;
				INFOPLIST_KEY_UIApplicationSupportsIndirectInputEvents = YES;
				INFOPLIST_KEY_UILaunchStoryboardName = LaunchScreen;
				INFOPLIST_KEY_UIMainStoryboardFile = Main;
				INFOPLIST_KEY_UISupportedInterfaceOrientations = UIInterfaceOrientationPortrait;
				INFOPLIST_KEY_UISupportedInterfaceOrientations_iPad = "UIInterfaceOrientationLandscapeLeft UIInterfaceOrientationLandscapeRight UIInterfaceOrientationPortrait UIInterfaceOrientationPortraitUpsideDown";
				IPHONEOS_DEPLOYMENT_TARGET = 17.0;
				LD_RUNPATH_SEARCH_PATHS = (
					"$(inherited)",
					"@executable_path/Frameworks",
				);
				MARKETING_VERSION = 1.0;
				PRODUCT_BUNDLE_IDENTIFIER = ru.myapps.DataLocator;
				PRODUCT_NAME = "$(TARGET_NAME)";
				SUPPORTED_PLATFORMS = "iphoneos iphonesimulator";
				SUPPORTS_MACCATALYST = NO;
				SUPPORTS_MAC_DESIGNED_FOR_IPHONE_IPAD = NO;
				SUPPORTS_XR_DESIGNED_FOR_IPHONE_IPAD = NO;
				SWIFT_EMIT_LOC_STRINGS = YES;
				SWIFT_VERSION = 5.0;
				TARGETED_DEVICE_FAMILY = 1;
			};
			name = Release;
		};
/* End XCBuildConfiguration section */

/* Begin XCConfigurationList section */
		BE06AB432C83724A00B40463 /* Build configuration list for PBXProject "DataLocator" */ = {
			isa = XCConfigurationList;
			buildConfigurations = (
				BE06AB5A2C83724D00B40463 /* Debug */,
				BE06AB5B2C83724D00B40463 /* Release */,
			);
			defaultConfigurationIsVisible = 0;
			defaultConfigurationName = Release;
		};
		BE06AB5C2C83724D00B40463 /* Build configuration list for PBXNativeTarget "DataLocator" */ = {
			isa = XCConfigurationList;
			buildConfigurations = (
				BE06AB5D2C83724D00B40463 /* Debug */,
				BE06AB5E2C83724D00B40463 /* Release */,
			);
			defaultConfigurationIsVisible = 0;
			defaultConfigurationName = Release;
		};
/* End XCConfigurationList section */
	};
	rootObject = BE06AB402C83724A00B40463 /* Project object */;
}
